
Microsoft Visual Studio Solution File, Format Version 12.00
# Visual Studio Version 17
VisualStudioVersion = 17.9.34607.119
MinimumVisualStudioVersion = 10.0.40219.1
Project("{FAE04EC0-301F-11D3-BF4B-00C04F79EFBC}") = "CustomerApp", "CustomerApp.csproj", "{5E15066F-B1AD-43E2-AC6A-CEAC6EF06EDE}"
EndProject
Global
	GlobalSection(SolutionConfigurationPlatforms) = preSolution
		Debug|Any CPU = Debug|Any CPU
		Release|Any CPU = Release|Any CPU
	EndGlobalSection
	GlobalSection(ProjectConfigurationPlatforms) = postSolution
		{5E15066F-B1AD-43E2-AC6A-CEAC6EF06EDE}.Debug|Any CPU.ActiveCfg = Debug|Any CPU
		{5E15066F-B1AD-43E2-AC6A-CEAC6EF06EDE}.Debug|Any CPU.Build.0 = Debug|Any CPU
		{5E15066F-B1AD-43E2-AC6A-CEAC6EF06EDE}.Release|Any CPU.ActiveCfg = Release|Any CPU
		{5E15066F-B1AD-43E2-AC6A-CEAC6EF06EDE}.Release|Any CPU.Build.0 = Release|Any CPU
	EndGlobalSection
	GlobalSection(SolutionProperties) = preSolution
		HideSolutionNode = FALSE
	EndGlobalSection
	GlobalSection(ExtensibilityGlobals) = postSolution
		SolutionGuid = {3D2371D1-AA17-49F0-98A5-514AFA07B749}
	EndGlobalSection
EndGlobal
